PODS:
  - FBSDKCoreKit (9.3.0):
    - FBSDKCoreKit/Basics (= 9.3.0)
    - FBSDKCoreKit/Core (= 9.3.0)
  - FBSDKCoreKit/Basics (9.3.0)
  - FBSDKCoreKit/Core (9.3.0):
    - FBSDKCoreKit/Basics
  - FBSDKLoginKit (9.3.0):
    - FBSDKLoginKit/Login (= 9.3.0)
  - FBSDKLoginKit/Login (9.3.0):
    - FBSDKCoreKit (~> 9.3.0)
  - SideMenu (6.5.0)
  - SwiftCSV (0.6.0)

DEPENDENCIES:
  - FBSDKLoginKit
  - SideMenu
  - SwiftCSV

SPEC REPOS:
  trunk:
    - FBSDKCoreKit
    - FBSDKLoginKit
    - SideMenu
    - SwiftCSV

SPEC CHECKSUMS:
  FBSDKCoreKit: 0d1ae58388a458b8222f72025804cdc84eb5d0c3
  FBSDKLoginKit: aea68df6121c5e165ccae2fabfdc83c4644ee40f
  SideMenu: f583187d21c5b1dd04c72002be544b555a2627a2
  SwiftCSV: ebc63cacc3820042537288c0cc647946261f7c2c

PODFILE CHECKSUM: 9a997450497cda98c332e5a7db2aa1d05eb4eb89

COCOAPODS: 1.10.1
