// !$*UTF8*$!
{
	archiveVersion = 1;
	classes = {
	};
	objectVersion = 51;
	objects = {

/* Begin PBXBuildFile section */
		3836679E2C1F4E4E325E1F43 /* Pods_Project03.framework in Frameworks */ = {isa = PBXBuildFile; fileRef = 77C04E1F93727F2FA468D389 /* Pods_Project03.framework */; };
		3F6422E62259B9A0544CE493 /* Pods_Project03_Project03UITests.framework in Frameworks */ = {isa = PBXBuildFile; fileRef = F8CABE5F59310AEAFA2D866F /* Pods_Project03_Project03UITests.framework */; };
		8C56264ADF35EDC753F21251 /* Pods_Project03Tests.framework in Frameworks */ = {isa = PBXBuildFile; fileRef = 6087D05E8839ECB8934F57EB /* Pods_Project03Tests.framework */; };
		BC415855265BFC640051F99B /* Store+CoreDataClass.swift in Sources */ = {isa = PBXBuildFile; fileRef = BC41583B265BFC640051F99B /* Store+CoreDataClass.swift */; };
		BC415857265BFC640051F99B /* Item+CoreDataClass.swift in Sources */ = {isa = PBXBuildFile; fileRef = BC41583D265BFC640051F99B /* Item+CoreDataClass.swift */; };
		BC415859265BFC640051F99B /* Review+CoreDataClass.swift in Sources */ = {isa = PBXBuildFile; fileRef = BC41583F265BFC640051F99B /* Review+CoreDataClass.swift */; };
		BC41585B265BFC640051F99B /* User+CoreDataClass.swift in Sources */ = {isa = PBXBuildFile; fileRef = BC415841265BFC640051F99B /* User+CoreDataClass.swift */; };
		BC41585D265BFC640051F99B /* OrderHistory+CoreDataClass.swift in Sources */ = {isa = PBXBuildFile; fileRef = BC415843265BFC640051F99B /* OrderHistory+CoreDataClass.swift */; };
		BC41585F265BFC640051F99B /* History+CoreDataClass.swift in Sources */ = {isa = PBXBuildFile; fileRef = BC415845265BFC640051F99B /* History+CoreDataClass.swift */; };
		BC415861265BFC640051F99B /* ItemRating+CoreDataClass.swift in Sources */ = {isa = PBXBuildFile; fileRef = BC415847265BFC640051F99B /* ItemRating+CoreDataClass.swift */; };
		BC415863265BFC640051F99B /* SearchHistory+CoreDataClass.swift in Sources */ = {isa = PBXBuildFile; fileRef = BC415849265BFC640051F99B /* SearchHistory+CoreDataClass.swift */; };
		BC415865265BFC640051F99B /* CreditCard+CoreDataClass.swift in Sources */ = {isa = PBXBuildFile; fileRef = BC41584B265BFC640051F99B /* CreditCard+CoreDataClass.swift */; };
		BC415867265BFC640051F99B /* PaymentOptions+CoreDataClass.swift in Sources */ = {isa = PBXBuildFile; fileRef = BC41584D265BFC640051F99B /* PaymentOptions+CoreDataClass.swift */; };
		BC415869265BFC640051F99B /* Brand+CoreDataClass.swift in Sources */ = {isa = PBXBuildFile; fileRef = BC41584F265BFC640051F99B /* Brand+CoreDataClass.swift */; };
		BC41586B265BFC640051F99B /* Category+CoreDataClass.swift in Sources */ = {isa = PBXBuildFile; fileRef = BC415851265BFC640051F99B /* Category+CoreDataClass.swift */; };
		BC41586D265BFC640051F99B /* HistoryItem+CoreDataClass.swift in Sources */ = {isa = PBXBuildFile; fileRef = BC415853265BFC640051F99B /* HistoryItem+CoreDataClass.swift */; };
		BC7E34DD265E92EC006CE75A /* ShoppingCartHostingController.swift in Sources */ = {isa = PBXBuildFile; fileRef = BC7E34DC265E92EC006CE75A /* ShoppingCartHostingController.swift */; };
		BC7E34E0265E9788006CE75A /* ShoppingCart+CoreDataClass.swift in Sources */ = {isa = PBXBuildFile; fileRef = BC7E34DE265E9788006CE75A /* ShoppingCart+CoreDataClass.swift */; };
		BC7E34E4265E9903006CE75A /* ShoppingCartItem+CoreDataClass.swift in Sources */ = {isa = PBXBuildFile; fileRef = BC7E34E2265E9903006CE75A /* ShoppingCartItem+CoreDataClass.swift */; };
		BC7E34E7265E99BC006CE75A /* ShoppingCartViewModel.swift in Sources */ = {isa = PBXBuildFile; fileRef = BC7E34E6265E99BC006CE75A /* ShoppingCartViewModel.swift */; };
		BC9C00E0265D82FD0029C1EA /* ProductViewModel.swift in Sources */ = {isa = PBXBuildFile; fileRef = BC9C00DF265D82FD0029C1EA /* ProductViewModel.swift */; };
		BC9C00E2265D932D0029C1EA /* BrandViewModel.swift in Sources */ = {isa = PBXBuildFile; fileRef = BC9C00E1265D932D0029C1EA /* BrandViewModel.swift */; };
		BC9C00E5265D9DE60029C1EA /* ShoppingCartScrollView.swift in Sources */ = {isa = PBXBuildFile; fileRef = BC9C00E4265D9DE60029C1EA /* ShoppingCartScrollView.swift */; };
		BC9C00E7265DA0290029C1EA /* UIViewControllerExtension.swift in Sources */ = {isa = PBXBuildFile; fileRef = BC9C00E6265DA0290029C1EA /* UIViewControllerExtension.swift */; };
		BCCCA367265C485200CCBEF9 /* DataDelegate.swift in Sources */ = {isa = PBXBuildFile; fileRef = BCCCA366265C485200CCBEF9 /* DataDelegate.swift */; };
		BCCCA369265C4D7E00CCBEF9 /* UserViewModel.swift in Sources */ = {isa = PBXBuildFile; fileRef = BCCCA368265C4D7E00CCBEF9 /* UserViewModel.swift */; };
		CA04A050265FE2BD00E75D2B /* UserDashTabBarController.swift in Sources */ = {isa = PBXBuildFile; fileRef = CA04A04F265FE2BD00E75D2B /* UserDashTabBarController.swift */; };
		CA4246DD2659942400B92A81 /* StoreMenu.swift in Sources */ = {isa = PBXBuildFile; fileRef = CA4246DC2659942400B92A81 /* StoreMenu.swift */; };
		CAF6C7E1265ED70A0040CC18 /* UserDashboard.storyboard in Resources */ = {isa = PBXBuildFile; fileRef = CAF6C7E0265ED70A0040CC18 /* UserDashboard.storyboard */; };
		CAF6C7E9265EDA980040CC18 /* LoginViewController.swift in Sources */ = {isa = PBXBuildFile; fileRef = CAF6C7E8265EDA980040CC18 /* LoginViewController.swift */; };
		CAF6C7F1265EDC0C0040CC18 /* WishListViewController.swift in Sources */ = {isa = PBXBuildFile; fileRef = CAF6C7F0265EDC0C0040CC18 /* WishListViewController.swift */; };
		CAF6C7F6265EE0920040CC18 /* SaveItemsViewController.swift in Sources */ = {isa = PBXBuildFile; fileRef = CAF6C7F5265EE0920040CC18 /* SaveItemsViewController.swift */; };
		CAF6C7FB265F08C50040CC18 /* OrdersViewController.swift in Sources */ = {isa = PBXBuildFile; fileRef = CAF6C7FA265F08C50040CC18 /* OrdersViewController.swift */; };
		CAF6C800265F09320040CC18 /* MyAccountViewController.swift in Sources */ = {isa = PBXBuildFile; fileRef = CAF6C7FF265F09320040CC18 /* MyAccountViewController.swift */; };
		CAF6C805265F0A180040CC18 /* UserDashboardViewController.swift in Sources */ = {isa = PBXBuildFile; fileRef = CAF6C804265F0A180040CC18 /* UserDashboardViewController.swift */; };
		DE363E36265803D70096D950 /* AppDelegate.swift in Sources */ = {isa = PBXBuildFile; fileRef = DE363E35265803D70096D950 /* AppDelegate.swift */; };
		DE363E38265803D70096D950 /* SceneDelegate.swift in Sources */ = {isa = PBXBuildFile; fileRef = DE363E37265803D70096D950 /* SceneDelegate.swift */; };
		DE363E3A265803D70096D950 /* ViewController.swift in Sources */ = {isa = PBXBuildFile; fileRef = DE363E39265803D70096D950 /* ViewController.swift */; };
		DE363E3D265803D70096D950 /* Main.storyboard in Resources */ = {isa = PBXBuildFile; fileRef = DE363E3B265803D70096D950 /* Main.storyboard */; };
		DE363E40265803D70096D950 /* Project03.xcdatamodeld in Sources */ = {isa = PBXBuildFile; fileRef = DE363E3E265803D70096D950 /* Project03.xcdatamodeld */; };
		DE363E42265803D80096D950 /* Assets.xcassets in Resources */ = {isa = PBXBuildFile; fileRef = DE363E41265803D80096D950 /* Assets.xcassets */; };
		DE363E45265803D80096D950 /* LaunchScreen.storyboard in Resources */ = {isa = PBXBuildFile; fileRef = DE363E43265803D80096D950 /* LaunchScreen.storyboard */; };
		DE363E50265803D80096D950 /* Project03Tests.swift in Sources */ = {isa = PBXBuildFile; fileRef = DE363E4F265803D80096D950 /* Project03Tests.swift */; };
		DE363E5B265803D80096D950 /* Project03UITests.swift in Sources */ = {isa = PBXBuildFile; fileRef = DE363E5A265803D80096D950 /* Project03UITests.swift */; };
		DE3B6501265C6F3B00005EBD /* ProductListViewController.swift in Sources */ = {isa = PBXBuildFile; fileRef = DE3B6500265C6F3B00005EBD /* ProductListViewController.swift */; };
		DE3B6506265C6F7300005EBD /* StoreViewController.swift in Sources */ = {isa = PBXBuildFile; fileRef = DE3B6505265C6F7300005EBD /* StoreViewController.swift */; };
		DE3B6513265C700D00005EBD /* ProductDetailRowTableViewCell.swift in Sources */ = {isa = PBXBuildFile; fileRef = DE3B6512265C700D00005EBD /* ProductDetailRowTableViewCell.swift */; };
		DE3B6518265C70B000005EBD /* ProductDetailViewController.swift in Sources */ = {isa = PBXBuildFile; fileRef = DE3B6517265C70B000005EBD /* ProductDetailViewController.swift */; };
		DEEA3C80265C8FAB00CCFB6D /* CategoryViewController.swift in Sources */ = {isa = PBXBuildFile; fileRef = DEEA3C7F265C8FAB00CCFB6D /* CategoryViewController.swift */; };
/* End PBXBuildFile section */

/* Begin PBXContainerItemProxy section */
		DE363E4C265803D80096D950 /* PBXContainerItemProxy */ = {
			isa = PBXContainerItemProxy;
			containerPortal = DE363E2A265803D70096D950 /* Project object */;
			proxyType = 1;
			remoteGlobalIDString = DE363E31265803D70096D950;
			remoteInfo = Project03;
		};
		DE363E57265803D80096D950 /* PBXContainerItemProxy */ = {
			isa = PBXContainerItemProxy;
			containerPortal = DE363E2A265803D70096D950 /* Project object */;
			proxyType = 1;
			remoteGlobalIDString = DE363E31265803D70096D950;
			remoteInfo = Project03;
		};
/* End PBXContainerItemProxy section */

/* Begin PBXFileReference section */
		1BE78D704997607046046333 /* Pods-Project03Tests.debug.xcconfig */ = {isa = PBXFileReference; includeInIndex = 1; lastKnownFileType = text.xcconfig; name = "Pods-Project03Tests.debug.xcconfig"; path = "Target Support Files/Pods-Project03Tests/Pods-Project03Tests.debug.xcconfig"; sourceTree = "<group>"; };
		42A8E3851325FB5790D20850 /* Pods-Project03.debug.xcconfig */ = {isa = PBXFileReference; includeInIndex = 1; lastKnownFileType = text.xcconfig; name = "Pods-Project03.debug.xcconfig"; path = "Target Support Files/Pods-Project03/Pods-Project03.debug.xcconfig"; sourceTree = "<group>"; };
		6087D05E8839ECB8934F57EB /* Pods_Project03Tests.framework */ = {isa = PBXFileReference; explicitFileType = wrapper.framework; includeInIndex = 0; path = Pods_Project03Tests.framework; sourceTree = BUILT_PRODUCTS_DIR; };
		77C04E1F93727F2FA468D389 /* Pods_Project03.framework */ = {isa = PBXFileReference; explicitFileType = wrapper.framework; includeInIndex = 0; path = Pods_Project03.framework; sourceTree = BUILT_PRODUCTS_DIR; };
		90B8EC2612CC8B097811C4B3 /* Pods-Project03-Project03UITests.release.xcconfig */ = {isa = PBXFileReference; includeInIndex = 1; lastKnownFileType = text.xcconfig; name = "Pods-Project03-Project03UITests.release.xcconfig"; path = "Target Support Files/Pods-Project03-Project03UITests/Pods-Project03-Project03UITests.release.xcconfig"; sourceTree = "<group>"; };
		A8676C11621B6F918F24F136 /* Pods-Project03.release.xcconfig */ = {isa = PBXFileReference; includeInIndex = 1; lastKnownFileType = text.xcconfig; name = "Pods-Project03.release.xcconfig"; path = "Target Support Files/Pods-Project03/Pods-Project03.release.xcconfig"; sourceTree = "<group>"; };
		BC41583B265BFC640051F99B /* Store+CoreDataClass.swift */ = {isa = PBXFileReference; lastKnownFileType = sourcecode.swift; path = "Store+CoreDataClass.swift"; sourceTree = "<group>"; };
		BC41583D265BFC640051F99B /* Item+CoreDataClass.swift */ = {isa = PBXFileReference; lastKnownFileType = sourcecode.swift; path = "Item+CoreDataClass.swift"; sourceTree = "<group>"; };
		BC41583F265BFC640051F99B /* Review+CoreDataClass.swift */ = {isa = PBXFileReference; lastKnownFileType = sourcecode.swift; path = "Review+CoreDataClass.swift"; sourceTree = "<group>"; };
		BC415841265BFC640051F99B /* User+CoreDataClass.swift */ = {isa = PBXFileReference; lastKnownFileType = sourcecode.swift; path = "User+CoreDataClass.swift"; sourceTree = "<group>"; };
		BC415843265BFC640051F99B /* OrderHistory+CoreDataClass.swift */ = {isa = PBXFileReference; lastKnownFileType = sourcecode.swift; path = "OrderHistory+CoreDataClass.swift"; sourceTree = "<group>"; };
		BC415845265BFC640051F99B /* History+CoreDataClass.swift */ = {isa = PBXFileReference; lastKnownFileType = sourcecode.swift; path = "History+CoreDataClass.swift"; sourceTree = "<group>"; };
		BC415847265BFC640051F99B /* ItemRating+CoreDataClass.swift */ = {isa = PBXFileReference; lastKnownFileType = sourcecode.swift; path = "ItemRating+CoreDataClass.swift"; sourceTree = "<group>"; };
		BC415849265BFC640051F99B /* SearchHistory+CoreDataClass.swift */ = {isa = PBXFileReference; lastKnownFileType = sourcecode.swift; path = "SearchHistory+CoreDataClass.swift"; sourceTree = "<group>"; };
		BC41584B265BFC640051F99B /* CreditCard+CoreDataClass.swift */ = {isa = PBXFileReference; lastKnownFileType = sourcecode.swift; path = "CreditCard+CoreDataClass.swift"; sourceTree = "<group>"; };
		BC41584D265BFC640051F99B /* PaymentOptions+CoreDataClass.swift */ = {isa = PBXFileReference; lastKnownFileType = sourcecode.swift; path = "PaymentOptions+CoreDataClass.swift"; sourceTree = "<group>"; };
		BC41584F265BFC640051F99B /* Brand+CoreDataClass.swift */ = {isa = PBXFileReference; lastKnownFileType = sourcecode.swift; path = "Brand+CoreDataClass.swift"; sourceTree = "<group>"; };
		BC415851265BFC640051F99B /* Category+CoreDataClass.swift */ = {isa = PBXFileReference; lastKnownFileType = sourcecode.swift; path = "Category+CoreDataClass.swift"; sourceTree = "<group>"; };
		BC415853265BFC640051F99B /* HistoryItem+CoreDataClass.swift */ = {isa = PBXFileReference; lastKnownFileType = sourcecode.swift; path = "HistoryItem+CoreDataClass.swift"; sourceTree = "<group>"; };
		BC7E34DC265E92EC006CE75A /* ShoppingCartHostingController.swift */ = {isa = PBXFileReference; lastKnownFileType = sourcecode.swift; path = ShoppingCartHostingController.swift; sourceTree = "<group>"; };
		BC7E34DE265E9788006CE75A /* ShoppingCart+CoreDataClass.swift */ = {isa = PBXFileReference; lastKnownFileType = sourcecode.swift; path = "ShoppingCart+CoreDataClass.swift"; sourceTree = SOURCE_ROOT; };
		BC7E34E2265E9903006CE75A /* ShoppingCartItem+CoreDataClass.swift */ = {isa = PBXFileReference; lastKnownFileType = sourcecode.swift; path = "ShoppingCartItem+CoreDataClass.swift"; sourceTree = SOURCE_ROOT; };
		BC7E34E6265E99BC006CE75A /* ShoppingCartViewModel.swift */ = {isa = PBXFileReference; lastKnownFileType = sourcecode.swift; path = ShoppingCartViewModel.swift; sourceTree = "<group>"; };
		BC9C00DF265D82FD0029C1EA /* ProductViewModel.swift */ = {isa = PBXFileReference; lastKnownFileType = sourcecode.swift; path = ProductViewModel.swift; sourceTree = "<group>"; };
		BC9C00E1265D932D0029C1EA /* BrandViewModel.swift */ = {isa = PBXFileReference; lastKnownFileType = sourcecode.swift; path = BrandViewModel.swift; sourceTree = "<group>"; };
		BC9C00E4265D9DE60029C1EA /* ShoppingCartScrollView.swift */ = {isa = PBXFileReference; lastKnownFileType = sourcecode.swift; path = ShoppingCartScrollView.swift; sourceTree = "<group>"; };
		BC9C00E6265DA0290029C1EA /* UIViewControllerExtension.swift */ = {isa = PBXFileReference; lastKnownFileType = sourcecode.swift; path = UIViewControllerExtension.swift; sourceTree = "<group>"; };
		BCCCA366265C485200CCBEF9 /* DataDelegate.swift */ = {isa = PBXFileReference; lastKnownFileType = sourcecode.swift; path = DataDelegate.swift; sourceTree = "<group>"; };
		BCCCA368265C4D7E00CCBEF9 /* UserViewModel.swift */ = {isa = PBXFileReference; lastKnownFileType = sourcecode.swift; path = UserViewModel.swift; sourceTree = "<group>"; };
		C3EDE5AAE91129B6C15A4D78 /* Pods-Project03Tests.release.xcconfig */ = {isa = PBXFileReference; includeInIndex = 1; lastKnownFileType = text.xcconfig; name = "Pods-Project03Tests.release.xcconfig"; path = "Target Support Files/Pods-Project03Tests/Pods-Project03Tests.release.xcconfig"; sourceTree = "<group>"; };
		CA04A04F265FE2BD00E75D2B /* UserDashTabBarController.swift */ = {isa = PBXFileReference; lastKnownFileType = sourcecode.swift; path = UserDashTabBarController.swift; sourceTree = "<group>"; };
		CA4246DC2659942400B92A81 /* StoreMenu.swift */ = {isa = PBXFileReference; lastKnownFileType = sourcecode.swift; path = StoreMenu.swift; sourceTree = "<group>"; };
		CAF6C7E0265ED70A0040CC18 /* UserDashboard.storyboard */ = {isa = PBXFileReference; lastKnownFileType = file.storyboard; path = UserDashboard.storyboard; sourceTree = "<group>"; };
		CAF6C7E8265EDA980040CC18 /* LoginViewController.swift */ = {isa = PBXFileReference; lastKnownFileType = sourcecode.swift; path = LoginViewController.swift; sourceTree = "<group>"; };
		CAF6C7F0265EDC0C0040CC18 /* WishListViewController.swift */ = {isa = PBXFileReference; lastKnownFileType = sourcecode.swift; path = WishListViewController.swift; sourceTree = "<group>"; };
		CAF6C7F5265EE0920040CC18 /* SaveItemsViewController.swift */ = {isa = PBXFileReference; lastKnownFileType = sourcecode.swift; path = SaveItemsViewController.swift; sourceTree = "<group>"; };
		CAF6C7FA265F08C50040CC18 /* OrdersViewController.swift */ = {isa = PBXFileReference; lastKnownFileType = sourcecode.swift; path = OrdersViewController.swift; sourceTree = "<group>"; };
		CAF6C7FF265F09320040CC18 /* MyAccountViewController.swift */ = {isa = PBXFileReference; lastKnownFileType = sourcecode.swift; path = MyAccountViewController.swift; sourceTree = "<group>"; };
		CAF6C804265F0A180040CC18 /* UserDashboardViewController.swift */ = {isa = PBXFileReference; lastKnownFileType = sourcecode.swift; path = UserDashboardViewController.swift; sourceTree = "<group>"; };
		DC44CB081B75B02F10C83C31 /* Pods-Project03-Project03UITests.debug.xcconfig */ = {isa = PBXFileReference; includeInIndex = 1; lastKnownFileType = text.xcconfig; name = "Pods-Project03-Project03UITests.debug.xcconfig"; path = "Target Support Files/Pods-Project03-Project03UITests/Pods-Project03-Project03UITests.debug.xcconfig"; sourceTree = "<group>"; };
		DE363E32265803D70096D950 /* Project03.app */ = {isa = PBXFileReference; explicitFileType = wrapper.application; includeInIndex = 0; path = Project03.app; sourceTree = BUILT_PRODUCTS_DIR; };
		DE363E35265803D70096D950 /* AppDelegate.swift */ = {isa = PBXFileReference; lastKnownFileType = sourcecode.swift; path = AppDelegate.swift; sourceTree = "<group>"; };
		DE363E37265803D70096D950 /* SceneDelegate.swift */ = {isa = PBXFileReference; lastKnownFileType = sourcecode.swift; path = SceneDelegate.swift; sourceTree = "<group>"; };
		DE363E39265803D70096D950 /* ViewController.swift */ = {isa = PBXFileReference; lastKnownFileType = sourcecode.swift; path = ViewController.swift; sourceTree = "<group>"; };
		DE363E3C265803D70096D950 /* Base */ = {isa = PBXFileReference; lastKnownFileType = file.storyboard; name = Base; path = Base.lproj/Main.storyboard; sourceTree = "<group>"; };
		DE363E3F265803D70096D950 /* Project03.xcdatamodel */ = {isa = PBXFileReference; lastKnownFileType = wrapper.xcdatamodel; path = Project03.xcdatamodel; sourceTree = "<group>"; };
		DE363E41265803D80096D950 /* Assets.xcassets */ = {isa = PBXFileReference; lastKnownFileType = folder.assetcatalog; path = Assets.xcassets; sourceTree = "<group>"; };
		DE363E44265803D80096D950 /* Base */ = {isa = PBXFileReference; lastKnownFileType = file.storyboard; name = Base; path = Base.lproj/LaunchScreen.storyboard; sourceTree = "<group>"; };
		DE363E46265803D80096D950 /* Info.plist */ = {isa = PBXFileReference; lastKnownFileType = text.plist.xml; path = Info.plist; sourceTree = "<group>"; };
		DE363E4B265803D80096D950 /* Project03Tests.xctest */ = {isa = PBXFileReference; explicitFileType = wrapper.cfbundle; includeInIndex = 0; path = Project03Tests.xctest; sourceTree = BUILT_PRODUCTS_DIR; };
		DE363E4F265803D80096D950 /* Project03Tests.swift */ = {isa = PBXFileReference; lastKnownFileType = sourcecode.swift; path = Project03Tests.swift; sourceTree = "<group>"; };
		DE363E51265803D80096D950 /* Info.plist */ = {isa = PBXFileReference; lastKnownFileType = text.plist.xml; path = Info.plist; sourceTree = "<group>"; };
		DE363E56265803D80096D950 /* Project03UITests.xctest */ = {isa = PBXFileReference; explicitFileType = wrapper.cfbundle; includeInIndex = 0; path = Project03UITests.xctest; sourceTree = BUILT_PRODUCTS_DIR; };
		DE363E5A265803D80096D950 /* Project03UITests.swift */ = {isa = PBXFileReference; lastKnownFileType = sourcecode.swift; path = Project03UITests.swift; sourceTree = "<group>"; };
		DE363E5C265803D80096D950 /* Info.plist */ = {isa = PBXFileReference; lastKnownFileType = text.plist.xml; path = Info.plist; sourceTree = "<group>"; };
		DE3B6500265C6F3B00005EBD /* ProductListViewController.swift */ = {isa = PBXFileReference; lastKnownFileType = sourcecode.swift; path = ProductListViewController.swift; sourceTree = "<group>"; };
		DE3B6505265C6F7300005EBD /* StoreViewController.swift */ = {isa = PBXFileReference; lastKnownFileType = sourcecode.swift; path = StoreViewController.swift; sourceTree = "<group>"; };
		DE3B6512265C700D00005EBD /* ProductDetailRowTableViewCell.swift */ = {isa = PBXFileReference; lastKnownFileType = sourcecode.swift; path = ProductDetailRowTableViewCell.swift; sourceTree = "<group>"; };
		DE3B6517265C70B000005EBD /* ProductDetailViewController.swift */ = {isa = PBXFileReference; lastKnownFileType = sourcecode.swift; path = ProductDetailViewController.swift; sourceTree = "<group>"; };
		DEEA3C7F265C8FAB00CCFB6D /* CategoryViewController.swift */ = {isa = PBXFileReference; lastKnownFileType = sourcecode.swift; path = CategoryViewController.swift; sourceTree = "<group>"; };
		F8CABE5F59310AEAFA2D866F /* Pods_Project03_Project03UITests.framework */ = {isa = PBXFileReference; explicitFileType = wrapper.framework; includeInIndex = 0; path = Pods_Project03_Project03UITests.framework; sourceTree = BUILT_PRODUCTS_DIR; };
/* End PBXFileReference section */

/* Begin PBXFrameworksBuildPhase section */
		DE363E2F265803D70096D950 /* Frameworks */ = {
			isa = PBXFrameworksBuildPhase;
			buildActionMask = 2147483647;
			files = (
				3836679E2C1F4E4E325E1F43 /* Pods_Project03.framework in Frameworks */,
			);
			runOnlyForDeploymentPostprocessing = 0;
		};
		DE363E48265803D80096D950 /* Frameworks */ = {
			isa = PBXFrameworksBuildPhase;
			buildActionMask = 2147483647;
			files = (
				8C56264ADF35EDC753F21251 /* Pods_Project03Tests.framework in Frameworks */,
			);
			runOnlyForDeploymentPostprocessing = 0;
		};
		DE363E53265803D80096D950 /* Frameworks */ = {
			isa = PBXFrameworksBuildPhase;
			buildActionMask = 2147483647;
			files = (
				3F6422E62259B9A0544CE493 /* Pods_Project03_Project03UITests.framework in Frameworks */,
			);
			runOnlyForDeploymentPostprocessing = 0;
		};
/* End PBXFrameworksBuildPhase section */

/* Begin PBXGroup section */
		25907D18DFD899C003565675 /* Pods */ = {
			isa = PBXGroup;
			children = (
				42A8E3851325FB5790D20850 /* Pods-Project03.debug.xcconfig */,
				A8676C11621B6F918F24F136 /* Pods-Project03.release.xcconfig */,
				DC44CB081B75B02F10C83C31 /* Pods-Project03-Project03UITests.debug.xcconfig */,
				90B8EC2612CC8B097811C4B3 /* Pods-Project03-Project03UITests.release.xcconfig */,
				1BE78D704997607046046333 /* Pods-Project03Tests.debug.xcconfig */,
				C3EDE5AAE91129B6C15A4D78 /* Pods-Project03Tests.release.xcconfig */,
			);
			path = Pods;
			sourceTree = "<group>";
		};
		A30225332534189CF150200C /* Frameworks */ = {
			isa = PBXGroup;
			children = (
				77C04E1F93727F2FA468D389 /* Pods_Project03.framework */,
				F8CABE5F59310AEAFA2D866F /* Pods_Project03_Project03UITests.framework */,
				6087D05E8839ECB8934F57EB /* Pods_Project03Tests.framework */,
			);
			name = Frameworks;
			sourceTree = "<group>";
		};
		BC41586F265BFCAD0051F99B /* Data Model */ = {
			isa = PBXGroup;
			children = (
				BC7E34E2265E9903006CE75A /* ShoppingCartItem+CoreDataClass.swift */,
				BC7E34DE265E9788006CE75A /* ShoppingCart+CoreDataClass.swift */,
				BC41583B265BFC640051F99B /* Store+CoreDataClass.swift */,
				BC41583D265BFC640051F99B /* Item+CoreDataClass.swift */,
				BC41583F265BFC640051F99B /* Review+CoreDataClass.swift */,
				BC415841265BFC640051F99B /* User+CoreDataClass.swift */,
				BC415843265BFC640051F99B /* OrderHistory+CoreDataClass.swift */,
				BC415845265BFC640051F99B /* History+CoreDataClass.swift */,
				BC415847265BFC640051F99B /* ItemRating+CoreDataClass.swift */,
				BC415849265BFC640051F99B /* SearchHistory+CoreDataClass.swift */,
				BC41584B265BFC640051F99B /* CreditCard+CoreDataClass.swift */,
				BC41584D265BFC640051F99B /* PaymentOptions+CoreDataClass.swift */,
				BC41584F265BFC640051F99B /* Brand+CoreDataClass.swift */,
				BC415851265BFC640051F99B /* Category+CoreDataClass.swift */,
				BC415853265BFC640051F99B /* HistoryItem+CoreDataClass.swift */,
			);
			path = "Data Model";
			sourceTree = "<group>";
		};
		BC9C00E3265D9DC90029C1EA /* SwiftUI */ = {
			isa = PBXGroup;
			children = (
				BC9C00E4265D9DE60029C1EA /* ShoppingCartScrollView.swift */,
				BC9C00E6265DA0290029C1EA /* UIViewControllerExtension.swift */,
			);
			path = SwiftUI;
			sourceTree = "<group>";
		};
		BCCCA365265C47BD00CCBEF9 /* View Models */ = {
			isa = PBXGroup;
			children = (
				BCCCA366265C485200CCBEF9 /* DataDelegate.swift */,
				BCCCA368265C4D7E00CCBEF9 /* UserViewModel.swift */,
				BC9C00DF265D82FD0029C1EA /* ProductViewModel.swift */,
				BC9C00E1265D932D0029C1EA /* BrandViewModel.swift */,
				BC7E34E6265E99BC006CE75A /* ShoppingCartViewModel.swift */,
				CA04A04F265FE2BD00E75D2B /* UserDashTabBarController.swift */,
			);
			path = "View Models";
			sourceTree = "<group>";
		};
		CA66171C265D5E9C002F0E70 /* Checkout */ = {
			isa = PBXGroup;
			children = (
			);
			path = Checkout;
			sourceTree = "<group>";
		};
		CAC1638E2658550C0015AC77 /* StoreFront */ = {
			isa = PBXGroup;
			children = (
				DE3B6500265C6F3B00005EBD /* ProductListViewController.swift */,
				DE3B6505265C6F7300005EBD /* StoreViewController.swift */,
				DE3B6512265C700D00005EBD /* ProductDetailRowTableViewCell.swift */,
				DE3B6517265C70B000005EBD /* ProductDetailViewController.swift */,
				DEEA3C7F265C8FAB00CCFB6D /* CategoryViewController.swift */,
				BC7E34DC265E92EC006CE75A /* ShoppingCartHostingController.swift */,
			);
			path = StoreFront;
			sourceTree = "<group>";
		};
		CAF6C7DF265ED6CF0040CC18 /* UserDashboard */ = {
			isa = PBXGroup;
			children = (
				CAF6C7E8265EDA980040CC18 /* LoginViewController.swift */,
				CAF6C7F0265EDC0C0040CC18 /* WishListViewController.swift */,
				CAF6C7F5265EE0920040CC18 /* SaveItemsViewController.swift */,
				CAF6C7FA265F08C50040CC18 /* OrdersViewController.swift */,
				CAF6C7FF265F09320040CC18 /* MyAccountViewController.swift */,
				CAF6C804265F0A180040CC18 /* UserDashboardViewController.swift */,
			);
			path = UserDashboard;
			sourceTree = "<group>";
		};
		DE363E29265803D70096D950 = {
			isa = PBXGroup;
			children = (
				DE363E34265803D70096D950 /* Project03 */,
				DE363E4E265803D80096D950 /* Project03Tests */,
				DE363E59265803D80096D950 /* Project03UITests */,
				DE363E33265803D70096D950 /* Products */,
				25907D18DFD899C003565675 /* Pods */,
				A30225332534189CF150200C /* Frameworks */,
			);
			sourceTree = "<group>";
		};
		DE363E33265803D70096D950 /* Products */ = {
			isa = PBXGroup;
			children = (
				DE363E32265803D70096D950 /* Project03.app */,
				DE363E4B265803D80096D950 /* Project03Tests.xctest */,
				DE363E56265803D80096D950 /* Project03UITests.xctest */,
			);
			name = Products;
			sourceTree = "<group>";
		};
		DE363E34265803D70096D950 /* Project03 */ = {
			isa = PBXGroup;
			children = (
				CAF6C7DF265ED6CF0040CC18 /* UserDashboard */,
				BC9C00E3265D9DC90029C1EA /* SwiftUI */,
				CA66171C265D5E9C002F0E70 /* Checkout */,
				BCCCA365265C47BD00CCBEF9 /* View Models */,
				BC41586F265BFCAD0051F99B /* Data Model */,
				CAC1638E2658550C0015AC77 /* StoreFront */,
				DE363E35265803D70096D950 /* AppDelegate.swift */,
				DE363E37265803D70096D950 /* SceneDelegate.swift */,
				DE363E3B265803D70096D950 /* Main.storyboard */,
				CAF6C7E0265ED70A0040CC18 /* UserDashboard.storyboard */,
				DE363E39265803D70096D950 /* ViewController.swift */,
				CA4246DC2659942400B92A81 /* StoreMenu.swift */,
				DE363E41265803D80096D950 /* Assets.xcassets */,
				DE363E43265803D80096D950 /* LaunchScreen.storyboard */,
				DE363E46265803D80096D950 /* Info.plist */,
				DE363E3E265803D70096D950 /* Project03.xcdatamodeld */,
			);
			path = Project03;
			sourceTree = "<group>";
		};
		DE363E4E265803D80096D950 /* Project03Tests */ = {
			isa = PBXGroup;
			children = (
				DE363E4F265803D80096D950 /* Project03Tests.swift */,
				DE363E51265803D80096D950 /* Info.plist */,
			);
			path = Project03Tests;
			sourceTree = "<group>";
		};
		DE363E59265803D80096D950 /* Project03UITests */ = {
			isa = PBXGroup;
			children = (
				DE363E5A265803D80096D950 /* Project03UITests.swift */,
				DE363E5C265803D80096D950 /* Info.plist */,
			);
			path = Project03UITests;
			sourceTree = "<group>";
		};
/* End PBXGroup section */

/* Begin PBXNativeTarget section */
		DE363E31265803D70096D950 /* Project03 */ = {
			isa = PBXNativeTarget;
			buildConfigurationList = DE363E5F265803D80096D950 /* Build configuration list for PBXNativeTarget "Project03" */;
			buildPhases = (
				B49724C0127225E968367AA7 /* [CP] Check Pods Manifest.lock */,
				DE363E2E265803D70096D950 /* Sources */,
				DE363E2F265803D70096D950 /* Frameworks */,
				DE363E30265803D70096D950 /* Resources */,
				B63BBE9BB39AA15CC787B6B6 /* [CP] Embed Pods Frameworks */,
			);
			buildRules = (
			);
			dependencies = (
			);
			name = Project03;
			productName = Project03;
			productReference = DE363E32265803D70096D950 /* Project03.app */;
			productType = "com.apple.product-type.application";
		};
		DE363E4A265803D80096D950 /* Project03Tests */ = {
			isa = PBXNativeTarget;
			buildConfigurationList = DE363E62265803D80096D950 /* Build configuration list for PBXNativeTarget "Project03Tests" */;
			buildPhases = (
				E2712AEF609483230AFAB215 /* [CP] Check Pods Manifest.lock */,
				DE363E47265803D80096D950 /* Sources */,
				DE363E48265803D80096D950 /* Frameworks */,
				DE363E49265803D80096D950 /* Resources */,
			);
			buildRules = (
			);
			dependencies = (
				DE363E4D265803D80096D950 /* PBXTargetDependency */,
			);
			name = Project03Tests;
			productName = Project03Tests;
			productReference = DE363E4B265803D80096D950 /* Project03Tests.xctest */;
			productType = "com.apple.product-type.bundle.unit-test";
		};
		DE363E55265803D80096D950 /* Project03UITests */ = {
			isa = PBXNativeTarget;
			buildConfigurationList = DE363E65265803D80096D950 /* Build configuration list for PBXNativeTarget "Project03UITests" */;
			buildPhases = (
				63A81D1E3C32179FCE31F0D8 /* [CP] Check Pods Manifest.lock */,
				DE363E52265803D80096D950 /* Sources */,
				DE363E53265803D80096D950 /* Frameworks */,
				DE363E54265803D80096D950 /* Resources */,
				D3C3FB5B06486A9995230B07 /* [CP] Embed Pods Frameworks */,
			);
			buildRules = (
			);
			dependencies = (
				DE363E58265803D80096D950 /* PBXTargetDependency */,
			);
			name = Project03UITests;
			productName = Project03UITests;
			productReference = DE363E56265803D80096D950 /* Project03UITests.xctest */;
			productType = "com.apple.product-type.bundle.ui-testing";
		};
/* End PBXNativeTarget section */

/* Begin PBXProject section */
		DE363E2A265803D70096D950 /* Project object */ = {
			isa = PBXProject;
			attributes = {
				LastSwiftUpdateCheck = 1240;
				LastUpgradeCheck = 1240;
				TargetAttributes = {
					DE363E31265803D70096D950 = {
						CreatedOnToolsVersion = 12.4;
					};
					DE363E4A265803D80096D950 = {
						CreatedOnToolsVersion = 12.4;
						TestTargetID = DE363E31265803D70096D950;
					};
					DE363E55265803D80096D950 = {
						CreatedOnToolsVersion = 12.4;
						TestTargetID = DE363E31265803D70096D950;
					};
				};
			};
			buildConfigurationList = DE363E2D265803D70096D950 /* Build configuration list for PBXProject "Project03" */;
			compatibilityVersion = "Xcode 9.3";
			developmentRegion = en;
			hasScannedForEncodings = 0;
			knownRegions = (
				en,
				Base,
			);
			mainGroup = DE363E29265803D70096D950;
			productRefGroup = DE363E33265803D70096D950 /* Products */;
			projectDirPath = "";
			projectRoot = "";
			targets = (
				DE363E31265803D70096D950 /* Project03 */,
				DE363E4A265803D80096D950 /* Project03Tests */,
				DE363E55265803D80096D950 /* Project03UITests */,
			);
		};
/* End PBXProject section */

/* Begin PBXResourcesBuildPhase section */
		DE363E30265803D70096D950 /* Resources */ = {
			isa = PBXResourcesBuildPhase;
			buildActionMask = 2147483647;
			files = (
				DE363E45265803D80096D950 /* LaunchScreen.storyboard in Resources */,
				DE363E42265803D80096D950 /* Assets.xcassets in Resources */,
				CAF6C7E1265ED70A0040CC18 /* UserDashboard.storyboard in Resources */,
				DE363E3D265803D70096D950 /* Main.storyboard in Resources */,
			);
			runOnlyForDeploymentPostprocessing = 0;
		};
		DE363E49265803D80096D950 /* Resources */ = {
			isa = PBXResourcesBuildPhase;
			buildActionMask = 2147483647;
			files = (
			);
			runOnlyForDeploymentPostprocessing = 0;
		};
		DE363E54265803D80096D950 /* Resources */ = {
			isa = PBXResourcesBuildPhase;
			buildActionMask = 2147483647;
			files = (
			);
			runOnlyForDeploymentPostprocessing = 0;
		};
/* End PBXResourcesBuildPhase section */

/* Begin PBXShellScriptBuildPhase section */
		63A81D1E3C32179FCE31F0D8 /* [CP] Check Pods Manifest.lock */ = {
			isa = PBXShellScriptBuildPhase;
			buildActionMask = 2147483647;
			files = (
			);
			inputFileListPaths = (
			);
			inputPaths = (
				"${PODS_PODFILE_DIR_PATH}/Podfile.lock",
				"${PODS_ROOT}/Manifest.lock",
			);
			name = "[CP] Check Pods Manifest.lock";
			outputFileListPaths = (
			);
			outputPaths = (
				"$(DERIVED_FILE_DIR)/Pods-Project03-Project03UITests-checkManifestLockResult.txt",
			);
			runOnlyForDeploymentPostprocessing = 0;
			shellPath = /bin/sh;
			shellScript = "diff \"${PODS_PODFILE_DIR_PATH}/Podfile.lock\" \"${PODS_ROOT}/Manifest.lock\" > /dev/null\nif [ $? != 0 ] ; then\n    # print error to STDERR\n    echo \"error: The sandbox is not in sync with the Podfile.lock. Run 'pod install' or update your CocoaPods installation.\" >&2\n    exit 1\nfi\n# This output is used by Xcode 'outputs' to avoid re-running this script phase.\necho \"SUCCESS\" > \"${SCRIPT_OUTPUT_FILE_0}\"\n";
			showEnvVarsInLog = 0;
		};
		B49724C0127225E968367AA7 /* [CP] Check Pods Manifest.lock */ = {
			isa = PBXShellScriptBuildPhase;
			buildActionMask = 2147483647;
			files = (
			);
			inputFileListPaths = (
			);
			inputPaths = (
				"${PODS_PODFILE_DIR_PATH}/Podfile.lock",
				"${PODS_ROOT}/Manifest.lock",
			);
			name = "[CP] Check Pods Manifest.lock";
			outputFileListPaths = (
			);
			outputPaths = (
				"$(DERIVED_FILE_DIR)/Pods-Project03-checkManifestLockResult.txt",
			);
			runOnlyForDeploymentPostprocessing = 0;
			shellPath = /bin/sh;
			shellScript = "diff \"${PODS_PODFILE_DIR_PATH}/Podfile.lock\" \"${PODS_ROOT}/Manifest.lock\" > /dev/null\nif [ $? != 0 ] ; then\n    # print error to STDERR\n    echo \"error: The sandbox is not in sync with the Podfile.lock. Run 'pod install' or update your CocoaPods installation.\" >&2\n    exit 1\nfi\n# This output is used by Xcode 'outputs' to avoid re-running this script phase.\necho \"SUCCESS\" > \"${SCRIPT_OUTPUT_FILE_0}\"\n";
			showEnvVarsInLog = 0;
		};
		B63BBE9BB39AA15CC787B6B6 /* [CP] Embed Pods Frameworks */ = {
			isa = PBXShellScriptBuildPhase;
			buildActionMask = 2147483647;
			files = (
			);
			inputFileListPaths = (
				"${PODS_ROOT}/Target Support Files/Pods-Project03/Pods-Project03-frameworks-${CONFIGURATION}-input-files.xcfilelist",
			);
			name = "[CP] Embed Pods Frameworks";
			outputFileListPaths = (
				"${PODS_ROOT}/Target Support Files/Pods-Project03/Pods-Project03-frameworks-${CONFIGURATION}-output-files.xcfilelist",
			);
			runOnlyForDeploymentPostprocessing = 0;
			shellPath = /bin/sh;
			shellScript = "\"${PODS_ROOT}/Target Support Files/Pods-Project03/Pods-Project03-frameworks.sh\"\n";
			showEnvVarsInLog = 0;
		};
		D3C3FB5B06486A9995230B07 /* [CP] Embed Pods Frameworks */ = {
			isa = PBXShellScriptBuildPhase;
			buildActionMask = 2147483647;
			files = (
			);
			inputFileListPaths = (
				"${PODS_ROOT}/Target Support Files/Pods-Project03-Project03UITests/Pods-Project03-Project03UITests-frameworks-${CONFIGURATION}-input-files.xcfilelist",
			);
			name = "[CP] Embed Pods Frameworks";
			outputFileListPaths = (
				"${PODS_ROOT}/Target Support Files/Pods-Project03-Project03UITests/Pods-Project03-Project03UITests-frameworks-${CONFIGURATION}-output-files.xcfilelist",
			);
			runOnlyForDeploymentPostprocessing = 0;
			shellPath = /bin/sh;
			shellScript = "\"${PODS_ROOT}/Target Support Files/Pods-Project03-Project03UITests/Pods-Project03-Project03UITests-frameworks.sh\"\n";
			showEnvVarsInLog = 0;
		};
		E2712AEF609483230AFAB215 /* [CP] Check Pods Manifest.lock */ = {
			isa = PBXShellScriptBuildPhase;
			buildActionMask = 2147483647;
			files = (
			);
			inputFileListPaths = (
			);
			inputPaths = (
				"${PODS_PODFILE_DIR_PATH}/Podfile.lock",
				"${PODS_ROOT}/Manifest.lock",
			);
			name = "[CP] Check Pods Manifest.lock";
			outputFileListPaths = (
			);
			outputPaths = (
				"$(DERIVED_FILE_DIR)/Pods-Project03Tests-checkManifestLockResult.txt",
			);
			runOnlyForDeploymentPostprocessing = 0;
			shellPath = /bin/sh;
			shellScript = "diff \"${PODS_PODFILE_DIR_PATH}/Podfile.lock\" \"${PODS_ROOT}/Manifest.lock\" > /dev/null\nif [ $? != 0 ] ; then\n    # print error to STDERR\n    echo \"error: The sandbox is not in sync with the Podfile.lock. Run 'pod install' or update your CocoaPods installation.\" >&2\n    exit 1\nfi\n# This output is used by Xcode 'outputs' to avoid re-running this script phase.\necho \"SUCCESS\" > \"${SCRIPT_OUTPUT_FILE_0}\"\n";
			showEnvVarsInLog = 0;
		};
/* End PBXShellScriptBuildPhase section */

/* Begin PBXSourcesBuildPhase section */
		DE363E2E265803D70096D950 /* Sources */ = {
			isa = PBXSourcesBuildPhase;
			buildActionMask = 2147483647;
			files = (
				CA04A050265FE2BD00E75D2B /* UserDashTabBarController.swift in Sources */,
				DE3B6506265C6F7300005EBD /* StoreViewController.swift in Sources */,
				CAF6C7F1265EDC0C0040CC18 /* WishListViewController.swift in Sources */,
				CAF6C800265F09320040CC18 /* MyAccountViewController.swift in Sources */,
				CA4246DD2659942400B92A81 /* StoreMenu.swift in Sources */,
				DE3B6513265C700D00005EBD /* ProductDetailRowTableViewCell.swift in Sources */,
				BC41586D265BFC640051F99B /* HistoryItem+CoreDataClass.swift in Sources */,
				BC7E34E4265E9903006CE75A /* ShoppingCartItem+CoreDataClass.swift in Sources */,
				BC415865265BFC640051F99B /* CreditCard+CoreDataClass.swift in Sources */,
				BC415861265BFC640051F99B /* ItemRating+CoreDataClass.swift in Sources */,
				BC7E34DD265E92EC006CE75A /* ShoppingCartHostingController.swift in Sources */,
				BC41585D265BFC640051F99B /* OrderHistory+CoreDataClass.swift in Sources */,
				BC9C00E2265D932D0029C1EA /* BrandViewModel.swift in Sources */,
				DE3B6518265C70B000005EBD /* ProductDetailViewController.swift in Sources */,
				DEEA3C80265C8FAB00CCFB6D /* CategoryViewController.swift in Sources */,
				BC7E34E0265E9788006CE75A /* ShoppingCart+CoreDataClass.swift in Sources */,
				BC415855265BFC640051F99B /* Store+CoreDataClass.swift in Sources */,
				BC415857265BFC640051F99B /* Item+CoreDataClass.swift in Sources */,
				CAF6C7F6265EE0920040CC18 /* SaveItemsViewController.swift in Sources */,
				BCCCA369265C4D7E00CCBEF9 /* UserViewModel.swift in Sources */,
				BC415867265BFC640051F99B /* PaymentOptions+CoreDataClass.swift in Sources */,
				CAF6C7FB265F08C50040CC18 /* OrdersViewController.swift in Sources */,
				BC415859265BFC640051F99B /* Review+CoreDataClass.swift in Sources */,
				BC9C00E7265DA0290029C1EA /* UIViewControllerExtension.swift in Sources */,
				DE363E40265803D70096D950 /* Project03.xcdatamodeld in Sources */,
				CAF6C805265F0A180040CC18 /* UserDashboardViewController.swift in Sources */,
				BC41585F265BFC640051F99B /* History+CoreDataClass.swift in Sources */,
				DE3B6501265C6F3B00005EBD /* ProductListViewController.swift in Sources */,
				BC41586B265BFC640051F99B /* Category+CoreDataClass.swift in Sources */,
				BC9C00E0265D82FD0029C1EA /* ProductViewModel.swift in Sources */,
				BC415863265BFC640051F99B /* SearchHistory+CoreDataClass.swift in Sources */,
				BCCCA367265C485200CCBEF9 /* DataDelegate.swift in Sources */,
				DE363E3A265803D70096D950 /* ViewController.swift in Sources */,
				DE363E36265803D70096D950 /* AppDelegate.swift in Sources */,
				DE363E38265803D70096D950 /* SceneDelegate.swift in Sources */,
				BC415869265BFC640051F99B /* Brand+CoreDataClass.swift in Sources */,
				CAF6C7E9265EDA980040CC18 /* LoginViewController.swift in Sources */,
				BC41585B265BFC640051F99B /* User+CoreDataClass.swift in Sources */,
				BC7E34E7265E99BC006CE75A /* ShoppingCartViewModel.swift in Sources */,
				BC9C00E5265D9DE60029C1EA /* ShoppingCartScrollView.swift in Sources */,
			);
			runOnlyForDeploymentPostprocessing = 0;
		};
		DE363E47265803D80096D950 /* Sources */ = {
			isa = PBXSourcesBuildPhase;
			buildActionMask = 2147483647;
			files = (
				DE363E50265803D80096D950 /* Project03Tests.swift in Sources */,
			);
			runOnlyForDeploymentPostprocessing = 0;
		};
		DE363E52265803D80096D950 /* Sources */ = {
			isa = PBXSourcesBuildPhase;
			buildActionMask = 2147483647;
			files = (
				DE363E5B265803D80096D950 /* Project03UITests.swift in Sources */,
			);
			runOnlyForDeploymentPostprocessing = 0;
		};
/* End PBXSourcesBuildPhase section */

/* Begin PBXTargetDependency section */
		DE363E4D265803D80096D950 /* PBXTargetDependency */ = {
			isa = PBXTargetDependency;
			target = DE363E31265803D70096D950 /* Project03 */;
			targetProxy = DE363E4C265803D80096D950 /* PBXContainerItemProxy */;
		};
		DE363E58265803D80096D950 /* PBXTargetDependency */ = {
			isa = PBXTargetDependency;
			target = DE363E31265803D70096D950 /* Project03 */;
			targetProxy = DE363E57265803D80096D950 /* PBXContainerItemProxy */;
		};
/* End PBXTargetDependency section */

/* Begin PBXVariantGroup section */
		DE363E3B265803D70096D950 /* Main.storyboard */ = {
			isa = PBXVariantGroup;
			children = (
				DE363E3C265803D70096D950 /* Base */,
			);
			name = Main.storyboard;
			sourceTree = "<group>";
		};
		DE363E43265803D80096D950 /* LaunchScreen.storyboard */ = {
			isa = PBXVariantGroup;
			children = (
				DE363E44265803D80096D950 /* Base */,
			);
			name = LaunchScreen.storyboard;
			sourceTree = "<group>";
		};
/* End PBXVariantGroup section */

/* Begin XCBuildConfiguration section */
		DE363E5D265803D80096D950 /* Debug */ = {
			isa = XCBuildConfiguration;
			buildSettings = {
				ALWAYS_SEARCH_USER_PATHS = NO;
				CLANG_ANALYZER_NONNULL = YES;
				CLANG_ANALYZER_NUMBER_OBJECT_CONVERSION = YES_AGGRESSIVE;
				CLANG_CXX_LANGUAGE_STANDARD = "gnu++14";
				CLANG_CXX_LIBRARY = "libc++";
				CLANG_ENABLE_MODULES = YES;
				CLANG_ENABLE_OBJC_ARC = YES;
				CLANG_ENABLE_OBJC_WEAK = YES;
				CLANG_WARN_BLOCK_CAPTURE_AUTORELEASING = YES;
				CLANG_WARN_BOOL_CONVERSION = YES;
				CLANG_WARN_COMMA = YES;
				CLANG_WARN_CONSTANT_CONVERSION = YES;
				CLANG_WARN_DEPRECATED_OBJC_IMPLEMENTATIONS = YES;
				CLANG_WARN_DIRECT_OBJC_ISA_USAGE = YES_ERROR;
				CLANG_WARN_DOCUMENTATION_COMMENTS = YES;
				CLANG_WARN_EMPTY_BODY = YES;
				CLANG_WARN_ENUM_CONVERSION = YES;
				CLANG_WARN_INFINITE_RECURSION = YES;
				CLANG_WARN_INT_CONVERSION = YES;
				CLANG_WARN_NON_LITERAL_NULL_CONVERSION = YES;
				CLANG_WARN_OBJC_IMPLICIT_RETAIN_SELF = YES;
				CLANG_WARN_OBJC_LITERAL_CONVERSION = YES;
				CLANG_WARN_OBJC_ROOT_CLASS = YES_ERROR;
				CLANG_WARN_QUOTED_INCLUDE_IN_FRAMEWORK_HEADER = YES;
				CLANG_WARN_RANGE_LOOP_ANALYSIS = YES;
				CLANG_WARN_STRICT_PROTOTYPES = YES;
				CLANG_WARN_SUSPICIOUS_MOVE = YES;
				CLANG_WARN_UNGUARDED_AVAILABILITY = YES_AGGRESSIVE;
				CLANG_WARN_UNREACHABLE_CODE = YES;
				CLANG_WARN__DUPLICATE_METHOD_MATCH = YES;
				COPY_PHASE_STRIP = NO;
				DEBUG_INFORMATION_FORMAT = dwarf;
				ENABLE_STRICT_OBJC_MSGSEND = YES;
				ENABLE_TESTABILITY = YES;
				GCC_C_LANGUAGE_STANDARD = gnu11;
				GCC_DYNAMIC_NO_PIC = NO;
				GCC_NO_COMMON_BLOCKS = YES;
				GCC_OPTIMIZATION_LEVEL = 0;
				GCC_PREPROCESSOR_DEFINITIONS = (
					"DEBUG=1",
					"$(inherited)",
				);
				GCC_WARN_64_TO_32_BIT_CONVERSION = YES;
				GCC_WARN_ABOUT_RETURN_TYPE = YES_ERROR;
				GCC_WARN_UNDECLARED_SELECTOR = YES;
				GCC_WARN_UNINITIALIZED_AUTOS = YES_AGGRESSIVE;
				GCC_WARN_UNUSED_FUNCTION = YES;
				GCC_WARN_UNUSED_VARIABLE = YES;
				IPHONEOS_DEPLOYMENT_TARGET = 13.6;
				MTL_ENABLE_DEBUG_INFO = INCLUDE_SOURCE;
				MTL_FAST_MATH = YES;
				ONLY_ACTIVE_ARCH = YES;
				SDKROOT = iphoneos;
				SWIFT_ACTIVE_COMPILATION_CONDITIONS = DEBUG;
				SWIFT_OPTIMIZATION_LEVEL = "-Onone";
			};
			name = Debug;
		};
		DE363E5E265803D80096D950 /* Release */ = {
			isa = XCBuildConfiguration;
			buildSettings = {
				ALWAYS_SEARCH_USER_PATHS = NO;
				CLANG_ANALYZER_NONNULL = YES;
				CLANG_ANALYZER_NUMBER_OBJECT_CONVERSION = YES_AGGRESSIVE;
				CLANG_CXX_LANGUAGE_STANDARD = "gnu++14";
				CLANG_CXX_LIBRARY = "libc++";
				CLANG_ENABLE_MODULES = YES;
				CLANG_ENABLE_OBJC_ARC = YES;
				CLANG_ENABLE_OBJC_WEAK = YES;
				CLANG_WARN_BLOCK_CAPTURE_AUTORELEASING = YES;
				CLANG_WARN_BOOL_CONVERSION = YES;
				CLANG_WARN_COMMA = YES;
				CLANG_WARN_CONSTANT_CONVERSION = YES;
				CLANG_WARN_DEPRECATED_OBJC_IMPLEMENTATIONS = YES;
				CLANG_WARN_DIRECT_OBJC_ISA_USAGE = YES_ERROR;
				CLANG_WARN_DOCUMENTATION_COMMENTS = YES;
				CLANG_WARN_EMPTY_BODY = YES;
				CLANG_WARN_ENUM_CONVERSION = YES;
				CLANG_WARN_INFINITE_RECURSION = YES;
				CLANG_WARN_INT_CONVERSION = YES;
				CLANG_WARN_NON_LITERAL_NULL_CONVERSION = YES;
				CLANG_WARN_OBJC_IMPLICIT_RETAIN_SELF = YES;
				CLANG_WARN_OBJC_LITERAL_CONVERSION = YES;
				CLANG_WARN_OBJC_ROOT_CLASS = YES_ERROR;
				CLANG_WARN_QUOTED_INCLUDE_IN_FRAMEWORK_HEADER = YES;
				CLANG_WARN_RANGE_LOOP_ANALYSIS = YES;
				CLANG_WARN_STRICT_PROTOTYPES = YES;
				CLANG_WARN_SUSPICIOUS_MOVE = YES;
				CLANG_WARN_UNGUARDED_AVAILABILITY = YES_AGGRESSIVE;
				CLANG_WARN_UNREACHABLE_CODE = YES;
				CLANG_WARN__DUPLICATE_METHOD_MATCH = YES;
				COPY_PHASE_STRIP = NO;
				DEBUG_INFORMATION_FORMAT = "dwarf-with-dsym";
				ENABLE_NS_ASSERTIONS = NO;
				ENABLE_STRICT_OBJC_MSGSEND = YES;
				GCC_C_LANGUAGE_STANDARD = gnu11;
				GCC_NO_COMMON_BLOCKS = YES;
				GCC_WARN_64_TO_32_BIT_CONVERSION = YES;
				GCC_WARN_ABOUT_RETURN_TYPE = YES_ERROR;
				GCC_WARN_UNDECLARED_SELECTOR = YES;
				GCC_WARN_UNINITIALIZED_AUTOS = YES_AGGRESSIVE;
				GCC_WARN_UNUSED_FUNCTION = YES;
				GCC_WARN_UNUSED_VARIABLE = YES;
				IPHONEOS_DEPLOYMENT_TARGET = 13.6;
				MTL_ENABLE_DEBUG_INFO = NO;
				MTL_FAST_MATH = YES;
				SDKROOT = iphoneos;
				SWIFT_COMPILATION_MODE = wholemodule;
				SWIFT_OPTIMIZATION_LEVEL = "-O";
				VALIDATE_PRODUCT = YES;
			};
			name = Release;
		};
		DE363E60265803D80096D950 /* Debug */ = {
			isa = XCBuildConfiguration;
			baseConfigurationReference = 42A8E3851325FB5790D20850 /* Pods-Project03.debug.xcconfig */;
			buildSettings = {
				ASSETCATALOG_COMPILER_APPICON_NAME = AppIcon;
				ASSETCATALOG_COMPILER_GLOBAL_ACCENT_COLOR_NAME = AccentColor;
				CODE_SIGN_STYLE = Automatic;
				INFOPLIST_FILE = Project03/Info.plist;
				LD_RUNPATH_SEARCH_PATHS = (
					"$(inherited)",
					"@executable_path/Frameworks",
				);
				PRODUCT_BUNDLE_IDENTIFIER = LamNguyen.Project03;
				PRODUCT_NAME = "$(TARGET_NAME)";
				SWIFT_VERSION = 5.0;
				TARGETED_DEVICE_FAMILY = "1,2";
			};
			name = Debug;
		};
		DE363E61265803D80096D950 /* Release */ = {
			isa = XCBuildConfiguration;
			baseConfigurationReference = A8676C11621B6F918F24F136 /* Pods-Project03.release.xcconfig */;
			buildSettings = {
				ASSETCATALOG_COMPILER_APPICON_NAME = AppIcon;
				ASSETCATALOG_COMPILER_GLOBAL_ACCENT_COLOR_NAME = AccentColor;
				CODE_SIGN_STYLE = Automatic;
				INFOPLIST_FILE = Project03/Info.plist;
				LD_RUNPATH_SEARCH_PATHS = (
					"$(inherited)",
					"@executable_path/Frameworks",
				);
				PRODUCT_BUNDLE_IDENTIFIER = LamNguyen.Project03;
				PRODUCT_NAME = "$(TARGET_NAME)";
				SWIFT_VERSION = 5.0;
				TARGETED_DEVICE_FAMILY = "1,2";
			};
			name = Release;
		};
		DE363E63265803D80096D950 /* Debug */ = {
			isa = XCBuildConfiguration;
			baseConfigurationReference = 1BE78D704997607046046333 /* Pods-Project03Tests.debug.xcconfig */;
			buildSettings = {
				ALWAYS_EMBED_SWIFT_STANDARD_LIBRARIES = YES;
				BUNDLE_LOADER = "$(TEST_HOST)";
				CODE_SIGN_STYLE = Automatic;
				INFOPLIST_FILE = Project03Tests/Info.plist;
				IPHONEOS_DEPLOYMENT_TARGET = 14.4;
				LD_RUNPATH_SEARCH_PATHS = (
					"$(inherited)",
					"@executable_path/Frameworks",
					"@loader_path/Frameworks",
				);
				PRODUCT_BUNDLE_IDENTIFIER = LamNguyen.Project03Tests;
				PRODUCT_NAME = "$(TARGET_NAME)";
				SWIFT_VERSION = 5.0;
				TARGETED_DEVICE_FAMILY = "1,2";
				TEST_HOST = "$(BUILT_PRODUCTS_DIR)/Project03.app/Project03";
			};
			name = Debug;
		};
		DE363E64265803D80096D950 /* Release */ = {
			isa = XCBuildConfiguration;
			baseConfigurationReference = C3EDE5AAE91129B6C15A4D78 /* Pods-Project03Tests.release.xcconfig */;
			buildSettings = {
				ALWAYS_EMBED_SWIFT_STANDARD_LIBRARIES = YES;
				BUNDLE_LOADER = "$(TEST_HOST)";
				CODE_SIGN_STYLE = Automatic;
				INFOPLIST_FILE = Project03Tests/Info.plist;
				IPHONEOS_DEPLOYMENT_TARGET = 14.4;
				LD_RUNPATH_SEARCH_PATHS = (
					"$(inherited)",
					"@executable_path/Frameworks",
					"@loader_path/Frameworks",
				);
				PRODUCT_BUNDLE_IDENTIFIER = LamNguyen.Project03Tests;
				PRODUCT_NAME = "$(TARGET_NAME)";
				SWIFT_VERSION = 5.0;
				TARGETED_DEVICE_FAMILY = "1,2";
				TEST_HOST = "$(BUILT_PRODUCTS_DIR)/Project03.app/Project03";
			};
			name = Release;
		};
		DE363E66265803D80096D950 /* Debug */ = {
			isa = XCBuildConfiguration;
			baseConfigurationReference = DC44CB081B75B02F10C83C31 /* Pods-Project03-Project03UITests.debug.xcconfig */;
			buildSettings = {
				ALWAYS_EMBED_SWIFT_STANDARD_LIBRARIES = YES;
				CODE_SIGN_STYLE = Automatic;
				INFOPLIST_FILE = Project03UITests/Info.plist;
				LD_RUNPATH_SEARCH_PATHS = (
					"$(inherited)",
					"@executable_path/Frameworks",
					"@loader_path/Frameworks",
				);
				PRODUCT_BUNDLE_IDENTIFIER = LamNguyen.Project03UITests;
				PRODUCT_NAME = "$(TARGET_NAME)";
				SWIFT_VERSION = 5.0;
				TARGETED_DEVICE_FAMILY = "1,2";
				TEST_TARGET_NAME = Project03;
			};
			name = Debug;
		};
		DE363E67265803D80096D950 /* Release */ = {
			isa = XCBuildConfiguration;
			baseConfigurationReference = 90B8EC2612CC8B097811C4B3 /* Pods-Project03-Project03UITests.release.xcconfig */;
			buildSettings = {
				ALWAYS_EMBED_SWIFT_STANDARD_LIBRARIES = YES;
				CODE_SIGN_STYLE = Automatic;
				INFOPLIST_FILE = Project03UITests/Info.plist;
				LD_RUNPATH_SEARCH_PATHS = (
					"$(inherited)",
					"@executable_path/Frameworks",
					"@loader_path/Frameworks",
				);
				PRODUCT_BUNDLE_IDENTIFIER = LamNguyen.Project03UITests;
				PRODUCT_NAME = "$(TARGET_NAME)";
				SWIFT_VERSION = 5.0;
				TARGETED_DEVICE_FAMILY = "1,2";
				TEST_TARGET_NAME = Project03;
			};
			name = Release;
		};
/* End XCBuildConfiguration section */

/* Begin XCConfigurationList section */
		DE363E2D265803D70096D950 /* Build configuration list for PBXProject "Project03" */ = {
			isa = XCConfigurationList;
			buildConfigurations = (
				DE363E5D265803D80096D950 /* Debug */,
				DE363E5E265803D80096D950 /* Release */,
			);
			defaultConfigurationIsVisible = 0;
			defaultConfigurationName = Release;
		};
		DE363E5F265803D80096D950 /* Build configuration list for PBXNativeTarget "Project03" */ = {
			isa = XCConfigurationList;
			buildConfigurations = (
				DE363E60265803D80096D950 /* Debug */,
				DE363E61265803D80096D950 /* Release */,
			);
			defaultConfigurationIsVisible = 0;
			defaultConfigurationName = Release;
		};
		DE363E62265803D80096D950 /* Build configuration list for PBXNativeTarget "Project03Tests" */ = {
			isa = XCConfigurationList;
			buildConfigurations = (
				DE363E63265803D80096D950 /* Debug */,
				DE363E64265803D80096D950 /* Release */,
			);
			defaultConfigurationIsVisible = 0;
			defaultConfigurationName = Release;
		};
		DE363E65265803D80096D950 /* Build configuration list for PBXNativeTarget "Project03UITests" */ = {
			isa = XCConfigurationList;
			buildConfigurations = (
				DE363E66265803D80096D950 /* Debug */,
				DE363E67265803D80096D950 /* Release */,
			);
			defaultConfigurationIsVisible = 0;
			defaultConfigurationName = Release;
		};
/* End XCConfigurationList section */

/* Begin XCVersionGroup section */
		DE363E3E265803D70096D950 /* Project03.xcdatamodeld */ = {
			isa = XCVersionGroup;
			children = (
				DE363E3F265803D70096D950 /* Project03.xcdatamodel */,
			);
			currentVersion = DE363E3F265803D70096D950 /* Project03.xcdatamodel */;
			path = Project03.xcdatamodeld;
			sourceTree = "<group>";
			versionGroupType = wrapper.xcdatamodel;
		};
/* End XCVersionGroup section */
	};
	rootObject = DE363E2A265803D70096D950 /* Project object */;
}
